github.com/Jipok/wgctrl-go v1.0.1 h1:6pOk4qTEz/dYsCicDwXQ8Ks6cnADrZeqVy8SpYlV4hk=
github.com/Jipok/wgctrl-go v1.0.1/go.mod h1:GrJJ7jsDCnIgf2t9mjYNF7KxmOT6codxbglM1XJx1K8=
github.com/google/go-cmp v0.7.0 h1:wk8382ETsv4JYUZwIsn6YpYiWiBsYLSJiTsyBybVuN8=
github.com/google/go-cmp v0.7.0/go.mod h1:pXiqmnSA92OHEEa9HXL2W4E7lf9JzCmGVUdgjX3N/iU=
github.com/gorilla/mux v1.8.1 h1:TuBL49tXwgrFYWhqrNgrUNEY92u81SPhu7sTdzQEiWY=
github.com/gorilla/mux v1.8.1/go.mod h1:AKf9I4AEqPTmMytcMc0KkNouC66V3BtZ4qD5fmWSiMQ=
github.com/mdlayher/genetlink v1.3.2 h1:KdrNKe+CTu+IbZnm/GVUMXSqBBLqcGpRDa0xkQy56gw=
github.com/mdlayher/genetlink v1.3.2/go.mod h1:tcC3pkCrPUGIKKsCsp0B3AdaaKuHtaxoJRz3cc+528o=
github.com/mdlayher/netlink v1.8.0 h1:e7XNIYJKD7hUct3Px04RuIGJbBxy1/c4nX7D5YyvvlM=
github.com/mdlayher/netlink v1.8.0/go.mod h1:UhgKXUlDQhzb09DrCl2GuRNEglHmhYoWAHid9HK3594=
github.com/mdlayher/socket v0.5.1 h1:VZaqt6RkGkt2OE9l3GcC6nZkqD3xKeQLyfleW/uBcos=
github.com/mdlayher/socket v0.5.1/go.mod h1:TjPLHI1UgwEv5J1B5q0zTZq12A/6H7nKmtTanQE37IQ=
github.com/mikioh/ipaddr v0.0.0-20190404000644-d465c8ab6721 h1:RlZweED6sbSArvlE924+mUcZuXKLBHA35U7LN621Bws=
github.com/mikioh/ipaddr v0.0.0-20190404000644-d465c8ab6721/go.mod h1:Ickgr2WtCLZ2MDGd4Gr0geeCH5HybhRJbonOgQpvSxc=
github.com/slipynil/awgctrl-go v1.0.3 h1:ipjt2W8tqNBl537G2J19W42HI7X9zAjULs1bz6PnUN8=
github.com/slipynil/awgctrl-go v1.0.3/go.mod h1:x0ZGblil3iborj1Ei3h2pVFSfSQnb8o9I4izVJfgdtg=
github.com/slipynil/awgctrl-go v1.0.4 h1:TbC7HKhevtHshQWPvmpmE9iy9dYCs7h+5/x1gVFsS5A=
github.com/slipynil/awgctrl-go v1.0.4/go.mod h1:x0ZGblil3iborj1Ei3h2pVFSfSQnb8o9I4izVJfgdtg=
github.com/slipynil/awgctrl-go v1.0.5 h1:ATNIuUZXtGU2XBEVmcydUenY6qdsBhzSPYhqdVjXQrA=
github.com/slipynil/awgctrl-go v1.0.5/go.mod h1:x0ZGblil3iborj1Ei3h2pVFSfSQnb8o9I4izVJfgdtg=
github.com/slipynil/awgctrl-go v1.0.6 h1:twChKOLIvziBbwpz8j97C+DJEnoB43yPiUJH5LHqYtk=
github.com/slipynil/awgctrl-go v1.0.6/go.mod h1:x0ZGblil3iborj1Ei3h2pVFSfSQnb8o9I4izVJfgdtg=
golang.org/x/crypto v0.46.0 h1:cKRW/pmt1pKAfetfu+RCEvjvZkA9RimPbh7bhFjGVBU=
golang.org/x/crypto v0.46.0/go.mod h1:Evb/oLKmMraqjZ2iQTwDwvCtJkczlDuTmdJXoZVzqU0=
golang.org/x/net v0.48.0 h1:zyQRTTrjc33Lhh0fBgT/H3oZq9WuvRR5gPC70xpDiQU=
golang.org/x/net v0.48.0/go.mod h1:+ndRgGjkh8FGtu1w1FGbEC31if4VrNVMuKTgcAAnQRY=
golang.org/x/sync v0.19.0 h1:vV+1eWNmZ5geRlYjzm2adRgW2/mcpevXNg50YZtPCE4=
golang.org/x/sync v0.19.0/go.mod h1:9KTHXmSnoGruLpwFjVSX0lNNA75CykiMECbovNTZqGI=
golang.org/x/sys v0.39.0 h1:CvCKL8MeisomCi6qNZ+wbb0DN9E5AATixKsvNtMoMFk=
golang.org/x/sys v0.39.0/go.mod h1:OgkHotnGiDImocRcuBABYBEXf8A9a87e/uXjp9XT3ks=
golang.zx2c4.com/wireguard v0.0.0-20250521234502-f333402bd9cb h1:whnFRlWMcXI9d+ZbWg+4sHnLp52d5yiIPUxMBSt4X9A=
golang.zx2c4.com/wireguard v0.0.0-20250521234502-f333402bd9cb/go.mod h1:rpwXGsirqLqN2L0JDJQlwOboGHmptD5ZD6T2VmcqhTw=
